
Microsoft Visual Studio Solution File, Format Version 12.00
# Visual Studio Version 17
VisualStudioVersion = 17.6.33815.320
MinimumVisualStudioVersion = 10.0.40219.1
Project("{FAE04EC0-301F-11D3-BF4B-00C04F79EFBC}") = "LogInForm", "LogInForm\LogInForm.csproj", "{0B618652-E24E-49DF-A638-D2FD78409457}"
EndProject
Global
	GlobalSection(SolutionConfigurationPlatforms) = preSolution
		Debug|Any CPU = Debug|Any CPU
		Release|Any CPU = Release|Any CPU
	EndGlobalSection
	GlobalSection(ProjectConfigurationPlatforms) = postSolution
		{0B618652-E24E-49DF-A638-D2FD78409457}.Debug|Any CPU.ActiveCfg = Debug|Any CPU
		{0B618652-E24E-49DF-A638-D2FD78409457}.Debug|Any CPU.Build.0 = Debug|Any CPU
		{0B618652-E24E-49DF-A638-D2FD78409457}.Release|Any CPU.ActiveCfg = Release|Any CPU
		{0B618652-E24E-49DF-A638-D2FD78409457}.Release|Any CPU.Build.0 = Release|Any CPU
	EndGlobalSection
	GlobalSection(SolutionProperties) = preSolution
		HideSolutionNode = FALSE
	EndGlobalSection
	GlobalSection(ExtensibilityGlobals) = postSolution
		SolutionGuid = {F18F05E3-6CC6-44A5-B5CA-B5A8AC19FAC3}
	EndGlobalSection
EndGlobal
